
Microsoft Visual Studio Solution File, Format Version 12.00
# Visual Studio Version 17
VisualStudioVersion = 17.4.33122.133
MinimumVisualStudioVersion = 10.0.40219.1
Project("{FAE04EC0-301F-11D3-BF4B-00C04F79EFBC}") = "ParkingDemo", "ParkingDemo.csproj", "{F04B6311-C8AD-4004-A48E-4B99007236C9}"
EndProject
Global
	GlobalSection(SolutionConfigurationPlatforms) = preSolution
		Debug|Any CPU = Debug|Any CPU
		Release|Any CPU = Release|Any CPU
	EndGlobalSection
	GlobalSection(ProjectConfigurationPlatforms) = postSolution
		{F04B6311-C8AD-4004-A48E-4B99007236C9}.Debug|Any CPU.ActiveCfg = Debug|Any CPU
		{F04B6311-C8AD-4004-A48E-4B99007236C9}.Debug|Any CPU.Build.0 = Debug|Any CPU
		{F04B6311-C8AD-4004-A48E-4B99007236C9}.Release|Any CPU.ActiveCfg = Release|Any CPU
		{F04B6311-C8AD-4004-A48E-4B99007236C9}.Release|Any CPU.Build.0 = Release|Any CPU
	EndGlobalSection
	GlobalSection(SolutionProperties) = preSolution
		HideSolutionNode = FALSE
	EndGlobalSection
	GlobalSection(ExtensibilityGlobals) = postSolution
		SolutionGuid = {7D04F29F-AEA0-4A2D-83C9-E42C0D0030C5}
	EndGlobalSection
EndGlobal
